// !$*UTF8*$!
{
	archiveVersion = 1;
	classes = {
	};
	objectVersion = 46;
	objects = {

/* Begin PBXBuildFile section */
		324CC30D1C9A452B009A2230 /* Firebase.framework in Frameworks */ = {isa = PBXBuildFile; fileRef = 324CC30C1C9A452B009A2230 /* Firebase.framework */; };
		324CC30F1C9A45A6009A2230 /* libicucore.tbd in Frameworks */ = {isa = PBXBuildFile; fileRef = 324CC30E1C9A45A6009A2230 /* libicucore.tbd */; };
		324CC3111C9A45B5009A2230 /* libc++.tbd in Frameworks */ = {isa = PBXBuildFile; fileRef = 324CC3101C9A45B5009A2230 /* libc++.tbd */; };
		324CC3131C9A45C0009A2230 /* CFNetwork.framework in Frameworks */ = {isa = PBXBuildFile; fileRef = 324CC3121C9A45C0009A2230 /* CFNetwork.framework */; };
		324CC3151C9A45C7009A2230 /* Security.framework in Frameworks */ = {isa = PBXBuildFile; fileRef = 324CC3141C9A45C7009A2230 /* Security.framework */; };
		324CC3171C9A45CF009A2230 /* SystemConfiguration.framework in Frameworks */ = {isa = PBXBuildFile; fileRef = 324CC3161C9A45CF009A2230 /* SystemConfiguration.framework */; };
		329B19F71C8FC7D60027AEA7 /* LoginViewController.swift in Sources */ = {isa = PBXBuildFile; fileRef = 329B19F61C8FC7D60027AEA7 /* LoginViewController.swift */; };
		A23C1C6C1C8DFCFF00EF327B /* FBSDKCoreKit.framework in Frameworks */ = {isa = PBXBuildFile; fileRef = A23C1C6B1C8DFCFF00EF327B /* FBSDKCoreKit.framework */; };
		A23C1C6E1C8DFD0500EF327B /* FBSDKLoginKit.framework in Frameworks */ = {isa = PBXBuildFile; fileRef = A23C1C6D1C8DFD0500EF327B /* FBSDKLoginKit.framework */; };
		A23C1C701C8DFD0E00EF327B /* FBSDKMessengerShareKit.framework in Frameworks */ = {isa = PBXBuildFile; fileRef = A23C1C6F1C8DFD0E00EF327B /* FBSDKMessengerShareKit.framework */; };
		FE51E9151C8F43A0004116AA /* logo.png in Resources */ = {isa = PBXBuildFile; fileRef = FE51E9141C8F43A0004116AA /* logo.png */; };
		FE5FEC951C8DF51700D264D6 /* Soloway_hs.png in Resources */ = {isa = PBXBuildFile; fileRef = FE5FEC941C8DF51700D264D6 /* Soloway_hs.png */; };
		FE8A0EAD1C7F78DF006B4C5C /* AppDelegate.swift in Sources */ = {isa = PBXBuildFile; fileRef = FE8A0EAC1C7F78DF006B4C5C /* AppDelegate.swift */; };
		FE8A0EAF1C7F78DF006B4C5C /* HomeViewController.swift in Sources */ = {isa = PBXBuildFile; fileRef = FE8A0EAE1C7F78DF006B4C5C /* HomeViewController.swift */; };
		FE8A0EB11C7F78DF006B4C5C /* ChatViewController.swift in Sources */ = {isa = PBXBuildFile; fileRef = FE8A0EB01C7F78DF006B4C5C /* ChatViewController.swift */; };
		FE8A0EB41C7F78DF006B4C5C /* Main.storyboard in Resources */ = {isa = PBXBuildFile; fileRef = FE8A0EB21C7F78DF006B4C5C /* Main.storyboard */; };
		FE8A0EB61C7F78DF006B4C5C /* Images.xcassets in Resources */ = {isa = PBXBuildFile; fileRef = FE8A0EB51C7F78DF006B4C5C /* Images.xcassets */; };
		FE8A0EB91C7F78DF006B4C5C /* LaunchScreen.xib in Resources */ = {isa = PBXBuildFile; fileRef = FE8A0EB71C7F78DF006B4C5C /* LaunchScreen.xib */; };
		FE8A0EC51C7F78DF006B4C5C /* RoomEaseTests.swift in Sources */ = {isa = PBXBuildFile; fileRef = FE8A0EC41C7F78DF006B4C5C /* RoomEaseTests.swift */; };
		FE8A0ECF1C7F7E4E006B4C5C /* UserViewController.swift in Sources */ = {isa = PBXBuildFile; fileRef = FE8A0ECE1C7F7E4E006B4C5C /* UserViewController.swift */; };
		FED8B7171C8FD11A00CA6CBE /* SharedUserManager.swift in Sources */ = {isa = PBXBuildFile; fileRef = FED8B7161C8FD11A00CA6CBE /* SharedUserManager.swift */; };
		FED8B7191C900FB600CA6CBE /* lindsay.png in Resources */ = {isa = PBXBuildFile; fileRef = FED8B7181C900FB600CA6CBE /* lindsay.png */; };
		FEDBD8FB1C9DED94003D7316 /* TaskViewDetailController.swift in Sources */ = {isa = PBXBuildFile; fileRef = FEDBD8FA1C9DED94003D7316 /* TaskViewDetailController.swift */; };
		FEDBD8FD1C9DFD50003D7316 /* Task.swift in Sources */ = {isa = PBXBuildFile; fileRef = FEDBD8FC1C9DFD50003D7316 /* Task.swift */; };
/* End PBXBuildFile section */

/* Begin PBXContainerItemProxy section */
		FE8A0EBF1C7F78DF006B4C5C /* PBXContainerItemProxy */ = {
			isa = PBXContainerItemProxy;
			containerPortal = FE8A0E9F1C7F78DF006B4C5C /* Project object */;
			proxyType = 1;
			remoteGlobalIDString = FE8A0EA61C7F78DF006B4C5C;
			remoteInfo = RoomEase;
		};
/* End PBXContainerItemProxy section */

/* Begin PBXFileReference section */
		324CC30C1C9A452B009A2230 /* Firebase.framework */ = {isa = PBXFileReference; lastKnownFileType = wrapper.framework; path = Firebase.framework; sourceTree = "<group>"; };
		324CC30E1C9A45A6009A2230 /* libicucore.tbd */ = {isa = PBXFileReference; lastKnownFileType = "sourcecode.text-based-dylib-definition"; name = libicucore.tbd; path = usr/lib/libicucore.tbd; sourceTree = SDKROOT; };
		324CC3101C9A45B5009A2230 /* libc++.tbd */ = {isa = PBXFileReference; lastKnownFileType = "sourcecode.text-based-dylib-definition"; name = "libc++.tbd"; path = "usr/lib/libc++.tbd"; sourceTree = SDKROOT; };
		324CC3121C9A45C0009A2230 /* CFNetwork.framework */ = {isa = PBXFileReference; lastKnownFileType = wrapper.framework; name = CFNetwork.framework; path = System/Library/Frameworks/CFNetwork.framework; sourceTree = SDKROOT; };
		324CC3141C9A45C7009A2230 /* Security.framework */ = {isa = PBXFileReference; lastKnownFileType = wrapper.framework; name = Security.framework; path = System/Library/Frameworks/Security.framework; sourceTree = SDKROOT; };
		324CC3161C9A45CF009A2230 /* SystemConfiguration.framework */ = {isa = PBXFileReference; lastKnownFileType = wrapper.framework; name = SystemConfiguration.framework; path = System/Library/Frameworks/SystemConfiguration.framework; sourceTree = SDKROOT; };
		329B19F61C8FC7D60027AEA7 /* LoginViewController.swift */ = {isa = PBXFileReference; fileEncoding = 4; lastKnownFileType = sourcecode.swift; path = LoginViewController.swift; sourceTree = "<group>"; };
		A23C1C6B1C8DFCFF00EF327B /* FBSDKCoreKit.framework */ = {isa = PBXFileReference; lastKnownFileType = wrapper.framework; path = FBSDKCoreKit.framework; sourceTree = "<group>"; };
		A23C1C6D1C8DFD0500EF327B /* FBSDKLoginKit.framework */ = {isa = PBXFileReference; lastKnownFileType = wrapper.framework; path = FBSDKLoginKit.framework; sourceTree = "<group>"; };
		A23C1C6F1C8DFD0E00EF327B /* FBSDKMessengerShareKit.framework */ = {isa = PBXFileReference; lastKnownFileType = wrapper.framework; path = FBSDKMessengerShareKit.framework; sourceTree = "<group>"; };
		FE51E9141C8F43A0004116AA /* logo.png */ = {isa = PBXFileReference; lastKnownFileType = image.png; path = logo.png; sourceTree = "<group>"; };
		FE5FEC941C8DF51700D264D6 /* Soloway_hs.png */ = {isa = PBXFileReference; lastKnownFileType = image.png; path = Soloway_hs.png; sourceTree = "<group>"; };
		FE8A0EA71C7F78DF006B4C5C /* RoomEase.app */ = {isa = PBXFileReference; explicitFileType = wrapper.application; includeInIndex = 0; path = RoomEase.app; sourceTree = BUILT_PRODUCTS_DIR; };
		FE8A0EAB1C7F78DF006B4C5C /* Info.plist */ = {isa = PBXFileReference; lastKnownFileType = text.plist.xml; path = Info.plist; sourceTree = "<group>"; };
		FE8A0EAC1C7F78DF006B4C5C /* AppDelegate.swift */ = {isa = PBXFileReference; lastKnownFileType = sourcecode.swift; path = AppDelegate.swift; sourceTree = "<group>"; };
		FE8A0EAE1C7F78DF006B4C5C /* HomeViewController.swift */ = {isa = PBXFileReference; lastKnownFileType = sourcecode.swift; path = HomeViewController.swift; sourceTree = "<group>"; };
		FE8A0EB01C7F78DF006B4C5C /* ChatViewController.swift */ = {isa = PBXFileReference; lastKnownFileType = sourcecode.swift; path = ChatViewController.swift; sourceTree = "<group>"; };
		FE8A0EB31C7F78DF006B4C5C /* Base */ = {isa = PBXFileReference; lastKnownFileType = file.storyboard; name = Base; path = Base.lproj/Main.storyboard; sourceTree = "<group>"; };
		FE8A0EB51C7F78DF006B4C5C /* Images.xcassets */ = {isa = PBXFileReference; lastKnownFileType = folder.assetcatalog; path = Images.xcassets; sourceTree = "<group>"; };
		FE8A0EB81C7F78DF006B4C5C /* Base */ = {isa = PBXFileReference; lastKnownFileType = file.xib; name = Base; path = Base.lproj/LaunchScreen.xib; sourceTree = "<group>"; };
		FE8A0EBE1C7F78DF006B4C5C /* RoomEaseTests.xctest */ = {isa = PBXFileReference; explicitFileType = wrapper.cfbundle; includeInIndex = 0; path = RoomEaseTests.xctest; sourceTree = BUILT_PRODUCTS_DIR; };
		FE8A0EC31C7F78DF006B4C5C /* Info.plist */ = {isa = PBXFileReference; lastKnownFileType = text.plist.xml; path = Info.plist; sourceTree = "<group>"; };
		FE8A0EC41C7F78DF006B4C5C /* RoomEaseTests.swift */ = {isa = PBXFileReference; lastKnownFileType = sourcecode.swift; path = RoomEaseTests.swift; sourceTree = "<group>"; };
		FE8A0ECE1C7F7E4E006B4C5C /* UserViewController.swift */ = {isa = PBXFileReference; fileEncoding = 4; lastKnownFileType = sourcecode.swift; path = UserViewController.swift; sourceTree = "<group>"; };
		FED8B7161C8FD11A00CA6CBE /* SharedUserManager.swift */ = {isa = PBXFileReference; fileEncoding = 4; lastKnownFileType = sourcecode.swift; path = SharedUserManager.swift; sourceTree = "<group>"; };
		FED8B7181C900FB600CA6CBE /* lindsay.png */ = {isa = PBXFileReference; lastKnownFileType = image.png; path = lindsay.png; sourceTree = "<group>"; };
		FEDBD8FA1C9DED94003D7316 /* TaskViewDetailController.swift */ = {isa = PBXFileReference; fileEncoding = 4; lastKnownFileType = sourcecode.swift; path = TaskViewDetailController.swift; sourceTree = "<group>"; };
		FEDBD8FC1C9DFD50003D7316 /* Task.swift */ = {isa = PBXFileReference; fileEncoding = 4; lastKnownFileType = sourcecode.swift; path = Task.swift; sourceTree = "<group>"; };
/* End PBXFileReference section */

/* Begin PBXFrameworksBuildPhase section */
		FE8A0EA41C7F78DF006B4C5C /* Frameworks */ = {
			isa = PBXFrameworksBuildPhase;
			buildActionMask = 2147483647;
			files = (
				A23C1C6C1C8DFCFF00EF327B /* FBSDKCoreKit.framework in Frameworks */,
				A23C1C6E1C8DFD0500EF327B /* FBSDKLoginKit.framework in Frameworks */,
				A23C1C701C8DFD0E00EF327B /* FBSDKMessengerShareKit.framework in Frameworks */,
				324CC30D1C9A452B009A2230 /* Firebase.framework in Frameworks */,
				324CC3171C9A45CF009A2230 /* SystemConfiguration.framework in Frameworks */,
				324CC3151C9A45C7009A2230 /* Security.framework in Frameworks */,
				324CC3131C9A45C0009A2230 /* CFNetwork.framework in Frameworks */,
				324CC3111C9A45B5009A2230 /* libc++.tbd in Frameworks */,
				324CC30F1C9A45A6009A2230 /* libicucore.tbd in Frameworks */,
			);
			runOnlyForDeploymentPostprocessing = 0;
		};
		FE8A0EBB1C7F78DF006B4C5C /* Frameworks */ = {
			isa = PBXFrameworksBuildPhase;
			buildActionMask = 2147483647;
			files = (
			);
			runOnlyForDeploymentPostprocessing = 0;
		};
/* End PBXFrameworksBuildPhase section */

/* Begin PBXGroup section */
		FE8A0E9E1C7F78DF006B4C5C = {
			isa = PBXGroup;
			children = (
				324CC3161C9A45CF009A2230 /* SystemConfiguration.framework */,
				324CC3141C9A45C7009A2230 /* Security.framework */,
				324CC3121C9A45C0009A2230 /* CFNetwork.framework */,
				324CC3101C9A45B5009A2230 /* libc++.tbd */,
				324CC30E1C9A45A6009A2230 /* libicucore.tbd */,
				324CC30C1C9A452B009A2230 /* Firebase.framework */,
				A23C1C6F1C8DFD0E00EF327B /* FBSDKMessengerShareKit.framework */,
				A23C1C6D1C8DFD0500EF327B /* FBSDKLoginKit.framework */,
				A23C1C6B1C8DFCFF00EF327B /* FBSDKCoreKit.framework */,
				FE8A0EA91C7F78DF006B4C5C /* RoomEase */,
				FE8A0EC11C7F78DF006B4C5C /* RoomEaseTests */,
				FE8A0EA81C7F78DF006B4C5C /* Products */,
				FE5FEC941C8DF51700D264D6 /* Soloway_hs.png */,
				FE51E9141C8F43A0004116AA /* logo.png */,
				FED8B7181C900FB600CA6CBE /* lindsay.png */,
			);
			sourceTree = "<group>";
		};
		FE8A0EA81C7F78DF006B4C5C /* Products */ = {
			isa = PBXGroup;
			children = (
				FE8A0EA71C7F78DF006B4C5C /* RoomEase.app */,
				FE8A0EBE1C7F78DF006B4C5C /* RoomEaseTests.xctest */,
			);
			name = Products;
			sourceTree = "<group>";
		};
		FE8A0EA91C7F78DF006B4C5C /* RoomEase */ = {
			isa = PBXGroup;
			children = (
				329B19F61C8FC7D60027AEA7 /* LoginViewController.swift */,
				FE8A0EAC1C7F78DF006B4C5C /* AppDelegate.swift */,
				FE8A0EAE1C7F78DF006B4C5C /* HomeViewController.swift */,
				FEDBD8FA1C9DED94003D7316 /* TaskViewDetailController.swift */,
				FEDBD8FC1C9DFD50003D7316 /* Task.swift */,
				FE8A0EB01C7F78DF006B4C5C /* ChatViewController.swift */,
				FE8A0ECE1C7F7E4E006B4C5C /* UserViewController.swift */,
				FED8B7161C8FD11A00CA6CBE /* SharedUserManager.swift */,
				FE8A0EB21C7F78DF006B4C5C /* Main.storyboard */,
				FE8A0EB51C7F78DF006B4C5C /* Images.xcassets */,
				FE8A0EB71C7F78DF006B4C5C /* LaunchScreen.xib */,
				FE8A0EAA1C7F78DF006B4C5C /* Supporting Files */,
			);
			path = RoomEase;
			sourceTree = "<group>";
		};
		FE8A0EAA1C7F78DF006B4C5C /* Supporting Files */ = {
			isa = PBXGroup;
			children = (
				FE8A0EAB1C7F78DF006B4C5C /* Info.plist */,
			);
			name = "Supporting Files";
			sourceTree = "<group>";
		};
		FE8A0EC11C7F78DF006B4C5C /* RoomEaseTests */ = {
			isa = PBXGroup;
			children = (
				FE8A0EC41C7F78DF006B4C5C /* RoomEaseTests.swift */,
				FE8A0EC21C7F78DF006B4C5C /* Supporting Files */,
			);
			path = RoomEaseTests;
			sourceTree = "<group>";
		};
		FE8A0EC21C7F78DF006B4C5C /* Supporting Files */ = {
			isa = PBXGroup;
			children = (
				FE8A0EC31C7F78DF006B4C5C /* Info.plist */,
			);
			name = "Supporting Files";
			sourceTree = "<group>";
		};
/* End PBXGroup section */

/* Begin PBXNativeTarget section */
		FE8A0EA61C7F78DF006B4C5C /* RoomEase */ = {
			isa = PBXNativeTarget;
			buildConfigurationList = FE8A0EC81C7F78DF006B4C5C /* Build configuration list for PBXNativeTarget "RoomEase" */;
			buildPhases = (
				FE8A0EA31C7F78DF006B4C5C /* Sources */,
				FE8A0EA41C7F78DF006B4C5C /* Frameworks */,
				FE8A0EA51C7F78DF006B4C5C /* Resources */,
			);
			buildRules = (
			);
			dependencies = (
			);
			name = RoomEase;
			productName = RoomEase;
			productReference = FE8A0EA71C7F78DF006B4C5C /* RoomEase.app */;
			productType = "com.apple.product-type.application";
		};
		FE8A0EBD1C7F78DF006B4C5C /* RoomEaseTests */ = {
			isa = PBXNativeTarget;
			buildConfigurationList = FE8A0ECB1C7F78DF006B4C5C /* Build configuration list for PBXNativeTarget "RoomEaseTests" */;
			buildPhases = (
				FE8A0EBA1C7F78DF006B4C5C /* Sources */,
				FE8A0EBB1C7F78DF006B4C5C /* Frameworks */,
				FE8A0EBC1C7F78DF006B4C5C /* Resources */,
			);
			buildRules = (
			);
			dependencies = (
				FE8A0EC01C7F78DF006B4C5C /* PBXTargetDependency */,
			);
			name = RoomEaseTests;
			productName = RoomEaseTests;
			productReference = FE8A0EBE1C7F78DF006B4C5C /* RoomEaseTests.xctest */;
			productType = "com.apple.product-type.bundle.unit-test";
		};
/* End PBXNativeTarget section */

/* Begin PBXProject section */
		FE8A0E9F1C7F78DF006B4C5C /* Project object */ = {
			isa = PBXProject;
			attributes = {
				LastSwiftUpdateCheck = 0700;
				LastUpgradeCheck = 0700;
				ORGANIZATIONNAME = "RoomEase - EECS 441";
				TargetAttributes = {
					FE8A0EA61C7F78DF006B4C5C = {
						CreatedOnToolsVersion = 6.4;
						DevelopmentTeam = 4J5RU7K988;
						SystemCapabilities = {
							com.apple.OMC = {
								enabled = 0;
							};
						};
					};
					FE8A0EBD1C7F78DF006B4C5C = {
						CreatedOnToolsVersion = 6.4;
						TestTargetID = FE8A0EA61C7F78DF006B4C5C;
					};
				};
			};
			buildConfigurationList = FE8A0EA21C7F78DF006B4C5C /* Build configuration list for PBXProject "RoomEase" */;
			compatibilityVersion = "Xcode 3.2";
			developmentRegion = English;
			hasScannedForEncodings = 0;
			knownRegions = (
				en,
				Base,
			);
			mainGroup = FE8A0E9E1C7F78DF006B4C5C;
			productRefGroup = FE8A0EA81C7F78DF006B4C5C /* Products */;
			projectDirPath = "";
			projectRoot = "";
			targets = (
				FE8A0EA61C7F78DF006B4C5C /* RoomEase */,
				FE8A0EBD1C7F78DF006B4C5C /* RoomEaseTests */,
			);
		};
/* End PBXProject section */

/* Begin PBXResourcesBuildPhase section */
		FE8A0EA51C7F78DF006B4C5C /* Resources */ = {
			isa = PBXResourcesBuildPhase;
			buildActionMask = 2147483647;
			files = (
				FED8B7191C900FB600CA6CBE /* lindsay.png in Resources */,
				FE8A0EB41C7F78DF006B4C5C /* Main.storyboard in Resources */,
				FE5FEC951C8DF51700D264D6 /* Soloway_hs.png in Resources */,
				FE51E9151C8F43A0004116AA /* logo.png in Resources */,
				FE8A0EB91C7F78DF006B4C5C /* LaunchScreen.xib in Resources */,
				FE8A0EB61C7F78DF006B4C5C /* Images.xcassets in Resources */,
			);
			runOnlyForDeploymentPostprocessing = 0;
		};
		FE8A0EBC1C7F78DF006B4C5C /* Resources */ = {
			isa = PBXResourcesBuildPhase;
			buildActionMask = 2147483647;
			files = (
			);
			runOnlyForDeploymentPostprocessing = 0;
		};
/* End PBXResourcesBuildPhase section */

/* Begin PBXSourcesBuildPhase section */
		FE8A0EA31C7F78DF006B4C5C /* Sources */ = {
			isa = PBXSourcesBuildPhase;
			buildActionMask = 2147483647;
			files = (
				FEDBD8FD1C9DFD50003D7316 /* Task.swift in Sources */,
				FE8A0EB11C7F78DF006B4C5C /* ChatViewController.swift in Sources */,
				FEDBD8FB1C9DED94003D7316 /* TaskViewDetailController.swift in Sources */,
				FE8A0ECF1C7F7E4E006B4C5C /* UserViewController.swift in Sources */,
				FE8A0EAD1C7F78DF006B4C5C /* AppDelegate.swift in Sources */,
				329B19F71C8FC7D60027AEA7 /* LoginViewController.swift in Sources */,
				FE8A0EAF1C7F78DF006B4C5C /* HomeViewController.swift in Sources */,
				FED8B7171C8FD11A00CA6CBE /* SharedUserManager.swift in Sources */,
			);
			runOnlyForDeploymentPostprocessing = 0;
		};
		FE8A0EBA1C7F78DF006B4C5C /* Sources */ = {
			isa = PBXSourcesBuildPhase;
			buildActionMask = 2147483647;
			files = (
				FE8A0EC51C7F78DF006B4C5C /* RoomEaseTests.swift in Sources */,
			);
			runOnlyForDeploymentPostprocessing = 0;
		};
/* End PBXSourcesBuildPhase section */

/* Begin PBXTargetDependency section */
		FE8A0EC01C7F78DF006B4C5C /* PBXTargetDependency */ = {
			isa = PBXTargetDependency;
			target = FE8A0EA61C7F78DF006B4C5C /* RoomEase */;
			targetProxy = FE8A0EBF1C7F78DF006B4C5C /* PBXContainerItemProxy */;
		};
/* End PBXTargetDependency section */

/* Begin PBXVariantGroup section */
		FE8A0EB21C7F78DF006B4C5C /* Main.storyboard */ = {
			isa = PBXVariantGroup;
			children = (
				FE8A0EB31C7F78DF006B4C5C /* Base */,
			);
			name = Main.storyboard;
			sourceTree = "<group>";
		};
		FE8A0EB71C7F78DF006B4C5C /* LaunchScreen.xib */ = {
			isa = PBXVariantGroup;
			children = (
				FE8A0EB81C7F78DF006B4C5C /* Base */,
			);
			name = LaunchScreen.xib;
			sourceTree = "<group>";
		};
/* End PBXVariantGroup section */

/* Begin XCBuildConfiguration section */
		FE8A0EC61C7F78DF006B4C5C /* Debug */ = {
			isa = XCBuildConfiguration;
			buildSettings = {
				ALWAYS_SEARCH_USER_PATHS = NO;
				CLANG_CXX_LANGUAGE_STANDARD = "gnu++0x";
				CLANG_CXX_LIBRARY = "libc++";
				CLANG_ENABLE_MODULES = YES;
				CLANG_ENABLE_OBJC_ARC = YES;
				CLANG_WARN_BOOL_CONVERSION = YES;
				CLANG_WARN_CONSTANT_CONVERSION = YES;
				CLANG_WARN_DIRECT_OBJC_ISA_USAGE = YES_ERROR;
				CLANG_WARN_EMPTY_BODY = YES;
				CLANG_WARN_ENUM_CONVERSION = YES;
				CLANG_WARN_INT_CONVERSION = YES;
				CLANG_WARN_OBJC_ROOT_CLASS = YES_ERROR;
				CLANG_WARN_UNREACHABLE_CODE = YES;
				CLANG_WARN__DUPLICATE_METHOD_MATCH = YES;
				"CODE_SIGN_IDENTITY[sdk=iphoneos*]" = "iPhone Developer";
				COPY_PHASE_STRIP = NO;
				DEBUG_INFORMATION_FORMAT = "dwarf-with-dsym";
				ENABLE_STRICT_OBJC_MSGSEND = YES;
				ENABLE_TESTABILITY = YES;
				GCC_C_LANGUAGE_STANDARD = gnu99;
				GCC_DYNAMIC_NO_PIC = NO;
				GCC_NO_COMMON_BLOCKS = YES;
				GCC_OPTIMIZATION_LEVEL = 0;
				GCC_PREPROCESSOR_DEFINITIONS = (
					"DEBUG=1",
					"$(inherited)",
				);
				GCC_SYMBOLS_PRIVATE_EXTERN = NO;
				GCC_WARN_64_TO_32_BIT_CONVERSION = YES;
				GCC_WARN_ABOUT_RETURN_TYPE = YES_ERROR;
				GCC_WARN_UNDECLARED_SELECTOR = YES;
				GCC_WARN_UNINITIALIZED_AUTOS = YES_AGGRESSIVE;
				GCC_WARN_UNUSED_FUNCTION = YES;
				GCC_WARN_UNUSED_VARIABLE = YES;
				IPHONEOS_DEPLOYMENT_TARGET = 8.4;
				MTL_ENABLE_DEBUG_INFO = YES;
				ONLY_ACTIVE_ARCH = YES;
				SDKROOT = iphoneos;
				SWIFT_OPTIMIZATION_LEVEL = "-Onone";
				TARGETED_DEVICE_FAMILY = "1,2";
			};
			name = Debug;
		};
		FE8A0EC71C7F78DF006B4C5C /* Release */ = {
			isa = XCBuildConfiguration;
			buildSettings = {
				ALWAYS_SEARCH_USER_PATHS = NO;
				CLANG_CXX_LANGUAGE_STANDARD = "gnu++0x";
				CLANG_CXX_LIBRARY = "libc++";
				CLANG_ENABLE_MODULES = YES;
				CLANG_ENABLE_OBJC_ARC = YES;
				CLANG_WARN_BOOL_CONVERSION = YES;
				CLANG_WARN_CONSTANT_CONVERSION = YES;
				CLANG_WARN_DIRECT_OBJC_ISA_USAGE = YES_ERROR;
				CLANG_WARN_EMPTY_BODY = YES;
				CLANG_WARN_ENUM_CONVERSION = YES;
				CLANG_WARN_INT_CONVERSION = YES;
				CLANG_WARN_OBJC_ROOT_CLASS = YES_ERROR;
				CLANG_WARN_UNREACHABLE_CODE = YES;
				CLANG_WARN__DUPLICATE_METHOD_MATCH = YES;
				"CODE_SIGN_IDENTITY[sdk=iphoneos*]" = "iPhone Developer";
				COPY_PHASE_STRIP = NO;
				DEBUG_INFORMATION_FORMAT = "dwarf-with-dsym";
				ENABLE_NS_ASSERTIONS = NO;
				ENABLE_STRICT_OBJC_MSGSEND = YES;
				GCC_C_LANGUAGE_STANDARD = gnu99;
				GCC_NO_COMMON_BLOCKS = YES;
				GCC_WARN_64_TO_32_BIT_CONVERSION = YES;
				GCC_WARN_ABOUT_RETURN_TYPE = YES_ERROR;
				GCC_WARN_UNDECLARED_SELECTOR = YES;
				GCC_WARN_UNINITIALIZED_AUTOS = YES_AGGRESSIVE;
				GCC_WARN_UNUSED_FUNCTION = YES;
				GCC_WARN_UNUSED_VARIABLE = YES;
				IPHONEOS_DEPLOYMENT_TARGET = 8.4;
				MTL_ENABLE_DEBUG_INFO = NO;
				SDKROOT = iphoneos;
				TARGETED_DEVICE_FAMILY = "1,2";
				VALIDATE_PRODUCT = YES;
			};
			name = Release;
		};
		FE8A0EC91C7F78DF006B4C5C /* Debug */ = {
			isa = XCBuildConfiguration;
			buildSettings = {
				ASSETCATALOG_COMPILER_APPICON_NAME = AppIcon;
				CODE_SIGN_IDENTITY = "iPhone Developer";
				"CODE_SIGN_IDENTITY[sdk=iphoneos*]" = "iPhone Developer";
				FRAMEWORK_SEARCH_PATHS = (
					"$(inherited)",
					"$(PROJECT_DIR)",
				);
				INFOPLIST_FILE = RoomEase/Info.plist;
				LD_RUNPATH_SEARCH_PATHS = "$(inherited) @executable_path/Frameworks";
				PRODUCT_BUNDLE_IDENTIFIER = "roomEase.$(PRODUCT_NAME:rfc1034identifier)";
				PRODUCT_NAME = "$(TARGET_NAME)";
				PROVISIONING_PROFILE = "";
			};
			name = Debug;
		};
		FE8A0ECA1C7F78DF006B4C5C /* Release */ = {
			isa = XCBuildConfiguration;
			buildSettings = {
				ASSETCATALOG_COMPILER_APPICON_NAME = AppIcon;
				CODE_SIGN_IDENTITY = "iPhone Developer";
				"CODE_SIGN_IDENTITY[sdk=iphoneos*]" = "iPhone Developer";
				FRAMEWORK_SEARCH_PATHS = (
					"$(inherited)",
					"$(PROJECT_DIR)",
				);
				INFOPLIST_FILE = RoomEase/Info.plist;
				LD_RUNPATH_SEARCH_PATHS = "$(inherited) @executable_path/Frameworks";
				PRODUCT_BUNDLE_IDENTIFIER = "roomEase.$(PRODUCT_NAME:rfc1034identifier)";
				PRODUCT_NAME = "$(TARGET_NAME)";
				PROVISIONING_PROFILE = "";
			};
			name = Release;
		};
		FE8A0ECC1C7F78DF006B4C5C /* Debug */ = {
			isa = XCBuildConfiguration;
			buildSettings = {
				BUNDLE_LOADER = "$(TEST_HOST)";
				FRAMEWORK_SEARCH_PATHS = (
					"$(SDKROOT)/Developer/Library/Frameworks",
					"$(inherited)",
				);
				GCC_PREPROCESSOR_DEFINITIONS = (
					"DEBUG=1",
					"$(inherited)",
				);
				INFOPLIST_FILE = RoomEaseTests/Info.plist;
				LD_RUNPATH_SEARCH_PATHS = "$(inherited) @executable_path/Frameworks @loader_path/Frameworks";
				PRODUCT_BUNDLE_IDENTIFIER = "roomEase.$(PRODUCT_NAME:rfc1034identifier)";
				PRODUCT_NAME = "$(TARGET_NAME)";
				TEST_HOST = "$(BUILT_PRODUCTS_DIR)/RoomEase.app/RoomEase";
			};
			name = Debug;
		};
		FE8A0ECD1C7F78DF006B4C5C /* Release */ = {
			isa = XCBuildConfiguration;
			buildSettings = {
				BUNDLE_LOADER = "$(TEST_HOST)";
				FRAMEWORK_SEARCH_PATHS = (
					"$(SDKROOT)/Developer/Library/Frameworks",
					"$(inherited)",
				);
				INFOPLIST_FILE = RoomEaseTests/Info.plist;
				LD_RUNPATH_SEARCH_PATHS = "$(inherited) @executable_path/Frameworks @loader_path/Frameworks";
				PRODUCT_BUNDLE_IDENTIFIER = "roomEase.$(PRODUCT_NAME:rfc1034identifier)";
				PRODUCT_NAME = "$(TARGET_NAME)";
				TEST_HOST = "$(BUILT_PRODUCTS_DIR)/RoomEase.app/RoomEase";
			};
			name = Release;
		};
/* End XCBuildConfiguration section */

/* Begin XCConfigurationList section */
		FE8A0EA21C7F78DF006B4C5C /* Build configuration list for PBXProject "RoomEase" */ = {
			isa = XCConfigurationList;
			buildConfigurations = (
				FE8A0EC61C7F78DF006B4C5C /* Debug */,
				FE8A0EC71C7F78DF006B4C5C /* Release */,
			);
			defaultConfigurationIsVisible = 0;
			defaultConfigurationName = Release;
		};
		FE8A0EC81C7F78DF006B4C5C /* Build configuration list for PBXNativeTarget "RoomEase" */ = {
			isa = XCConfigurationList;
			buildConfigurations = (
				FE8A0EC91C7F78DF006B4C5C /* Debug */,
				FE8A0ECA1C7F78DF006B4C5C /* Release */,
			);
			defaultConfigurationIsVisible = 0;
			defaultConfigurationName = Release;
		};
		FE8A0ECB1C7F78DF006B4C5C /* Build configuration list for PBXNativeTarget "RoomEaseTests" */ = {
			isa = XCConfigurationList;
			buildConfigurations = (
				FE8A0ECC1C7F78DF006B4C5C /* Debug */,
				FE8A0ECD1C7F78DF006B4C5C /* Release */,
			);
			defaultConfigurationIsVisible = 0;
			defaultConfigurationName = Release;
		};
/* End XCConfigurationList section */
	};
	rootObject = FE8A0E9F1C7F78DF006B4C5C /* Project object */;
}
